
Microsoft Visual Studio Solution File, Format Version 12.00
# Visual Studio Version 17
VisualStudioVersion = 17.8.34330.188
MinimumVisualStudioVersion = 10.0.40219.1
Project("{9A19103F-16F7-4668-BE54-9A1E7A4F7556}") = "CarFactoryLibrary", "CarFactoryLibrary\CarFactoryLibrary.csproj", "{D8EA4531-17C4-431D-9CEB-02F18446E099}"
EndProject
Project("{FAE04EC0-301F-11D3-BF4B-00C04F79EFBC}") = "CarFactoryLibaray_test", "CarFactoryLibaray_test\CarFactoryLibaray_test.csproj", "{18447998-D362-41A9-A181-80A83824A128}"
EndProject
Project("{9A19103F-16F7-4668-BE54-9A1E7A4F7556}") = "CarFactoryAPI", "CarFactoryAPI\CarFactoryAPI.csproj", "{8D1DE808-B72D-45BA-9EFC-C859110DE655}"
EndProject
Project("{FAE04EC0-301F-11D3-BF4B-00C04F79EFBC}") = "CarFactoryAPI_test", "CarFactoryAPI_test\CarFactoryAPI_test.csproj", "{BBA4AD8E-FD14-47C2-A602-A314233BEEAE}"
EndProject
Global
	GlobalSection(SolutionConfigurationPlatforms) = preSolution
		Debug|Any CPU = Debug|Any CPU
		Release|Any CPU = Release|Any CPU
	EndGlobalSection
	GlobalSection(ProjectConfigurationPlatforms) = postSolution
		{D8EA4531-17C4-431D-9CEB-02F18446E099}.Debug|Any CPU.ActiveCfg = Debug|Any CPU
		{D8EA4531-17C4-431D-9CEB-02F18446E099}.Debug|Any CPU.Build.0 = Debug|Any CPU
		{D8EA4531-17C4-431D-9CEB-02F18446E099}.Release|Any CPU.ActiveCfg = Release|Any CPU
		{D8EA4531-17C4-431D-9CEB-02F18446E099}.Release|Any CPU.Build.0 = Release|Any CPU
		{18447998-D362-41A9-A181-80A83824A128}.Debug|Any CPU.ActiveCfg = Debug|Any CPU
		{18447998-D362-41A9-A181-80A83824A128}.Debug|Any CPU.Build.0 = Debug|Any CPU
		{18447998-D362-41A9-A181-80A83824A128}.Release|Any CPU.ActiveCfg = Release|Any CPU
		{18447998-D362-41A9-A181-80A83824A128}.Release|Any CPU.Build.0 = Release|Any CPU
		{8D1DE808-B72D-45BA-9EFC-C859110DE655}.Debug|Any CPU.ActiveCfg = Debug|Any CPU
		{8D1DE808-B72D-45BA-9EFC-C859110DE655}.Debug|Any CPU.Build.0 = Debug|Any CPU
		{8D1DE808-B72D-45BA-9EFC-C859110DE655}.Release|Any CPU.ActiveCfg = Release|Any CPU
		{8D1DE808-B72D-45BA-9EFC-C859110DE655}.Release|Any CPU.Build.0 = Release|Any CPU
		{BBA4AD8E-FD14-47C2-A602-A314233BEEAE}.Debug|Any CPU.ActiveCfg = Debug|Any CPU
		{BBA4AD8E-FD14-47C2-A602-A314233BEEAE}.Debug|Any CPU.Build.0 = Debug|Any CPU
		{BBA4AD8E-FD14-47C2-A602-A314233BEEAE}.Release|Any CPU.ActiveCfg = Release|Any CPU
		{BBA4AD8E-FD14-47C2-A602-A314233BEEAE}.Release|Any CPU.Build.0 = Release|Any CPU
	EndGlobalSection
	GlobalSection(SolutionProperties) = preSolution
		HideSolutionNode = FALSE
	EndGlobalSection
	GlobalSection(ExtensibilityGlobals) = postSolution
		SolutionGuid = {53520569-F05C-4149-BBF9-CB5496F935DD}
	EndGlobalSection
EndGlobal
